
Microsoft Visual Studio Solution File, Format Version 12.00
# Visual Studio 2013
VisualStudioVersion = 12.0.21005.1
MinimumVisualStudioVersion = 10.0.40219.1
Project("{8BC9CEB8-8B4A-11D0-8D11-00A0C91BC942}") = "Sokets_Task_Client", "Sokets_Task_Client\Sokets_Task_Client.vcxproj", "{4490E6F3-CDE5-4DDB-8699-4C70F8929836}"
EndProject
Project("{8BC9CEB8-8B4A-11D0-8D11-00A0C91BC942}") = "Sokets_Task_Server", "Sokets_Task_Server\Sokets_Task_Server.vcxproj", "{7B02039E-32C2-4329-94FE-93590F3ABF77}"
EndProject
Project("{8BC9CEB8-8B4A-11D0-8D11-00A0C91BC942}") = "Sokets_Test", "Sokets_Test\Sokets_Test.vcxproj", "{0EB744D9-C690-49A1-8BAA-F628DC78DD3F}"
EndProject
Project("{8BC9CEB8-8B4A-11D0-8D11-00A0C91BC942}") = "Sokets_Test3", "Sokets_Test3\Sokets_Test3.vcxproj", "{5F2F7289-883D-403C-A262-A8E86096D94A}"
EndProject
Project("{8BC9CEB8-8B4A-11D0-8D11-00A0C91BC942}") = "Sokets_Test4", "Sokets_Test4\Sokets_Test4.vcxproj", "{8C384419-1AB0-4FC0-B964-26E3FEF2E2BE}"
EndProject
Project("{8BC9CEB8-8B4A-11D0-8D11-00A0C91BC942}") = "ConsoleApp1", "ConsoleApp1\ConsoleApp1.vcxproj", "{6A4EC8DB-0ED6-41C2-BB91-A3BB0098397D}"
EndProject
Global
	GlobalSection(SolutionConfigurationPlatforms) = preSolution
		Debug|Win32 = Debug|Win32
		Release|Win32 = Release|Win32
	EndGlobalSection
	GlobalSection(ProjectConfigurationPlatforms) = postSolution
		{4490E6F3-CDE5-4DDB-8699-4C70F8929836}.Debug|Win32.ActiveCfg = Debug|Win32
		{4490E6F3-CDE5-4DDB-8699-4C70F8929836}.Debug|Win32.Build.0 = Debug|Win32
		{4490E6F3-CDE5-4DDB-8699-4C70F8929836}.Release|Win32.ActiveCfg = Release|Win32
		{4490E6F3-CDE5-4DDB-8699-4C70F8929836}.Release|Win32.Build.0 = Release|Win32
		{7B02039E-32C2-4329-94FE-93590F3ABF77}.Debug|Win32.ActiveCfg = Debug|Win32
		{7B02039E-32C2-4329-94FE-93590F3ABF77}.Debug|Win32.Build.0 = Debug|Win32
		{7B02039E-32C2-4329-94FE-93590F3ABF77}.Release|Win32.ActiveCfg = Release|Win32
		{7B02039E-32C2-4329-94FE-93590F3ABF77}.Release|Win32.Build.0 = Release|Win32
		{0EB744D9-C690-49A1-8BAA-F628DC78DD3F}.Debug|Win32.ActiveCfg = Debug|Win32
		{0EB744D9-C690-49A1-8BAA-F628DC78DD3F}.Debug|Win32.Build.0 = Debug|Win32
		{0EB744D9-C690-49A1-8BAA-F628DC78DD3F}.Release|Win32.ActiveCfg = Release|Win32
		{0EB744D9-C690-49A1-8BAA-F628DC78DD3F}.Release|Win32.Build.0 = Release|Win32
		{5F2F7289-883D-403C-A262-A8E86096D94A}.Debug|Win32.ActiveCfg = Debug|Win32
		{5F2F7289-883D-403C-A262-A8E86096D94A}.Debug|Win32.Build.0 = Debug|Win32
		{5F2F7289-883D-403C-A262-A8E86096D94A}.Release|Win32.ActiveCfg = Release|Win32
		{5F2F7289-883D-403C-A262-A8E86096D94A}.Release|Win32.Build.0 = Release|Win32
		{8C384419-1AB0-4FC0-B964-26E3FEF2E2BE}.Debug|Win32.ActiveCfg = Debug|Win32
		{8C384419-1AB0-4FC0-B964-26E3FEF2E2BE}.Debug|Win32.Build.0 = Debug|Win32
		{8C384419-1AB0-4FC0-B964-26E3FEF2E2BE}.Release|Win32.ActiveCfg = Release|Win32
		{8C384419-1AB0-4FC0-B964-26E3FEF2E2BE}.Release|Win32.Build.0 = Release|Win32
		{6A4EC8DB-0ED6-41C2-BB91-A3BB0098397D}.Debug|Win32.ActiveCfg = Debug|Win32
		{6A4EC8DB-0ED6-41C2-BB91-A3BB0098397D}.Debug|Win32.Build.0 = Debug|Win32
		{6A4EC8DB-0ED6-41C2-BB91-A3BB0098397D}.Release|Win32.ActiveCfg = Release|Win32
		{6A4EC8DB-0ED6-41C2-BB91-A3BB0098397D}.Release|Win32.Build.0 = Release|Win32
	EndGlobalSection
	GlobalSection(SolutionProperties) = preSolution
		HideSolutionNode = FALSE
	EndGlobalSection
EndGlobal
